{
  "name": "timingbelt",
  "version": "1.0.2",
  "lockfileVersion": 2,
  "requires": true,
  "packages": {
    "": {
      "name": "timingbelt",
      "version": "1.0.2",
      "license": "ISC",
      "dependencies": {
        "@jscad/modeling": "^2.9.5"
      }
    },
    "node_modules/@jscad/modeling": {
      "version": "2.9.5",
      "resolved": "https://registry.npmjs.org/@jscad/modeling/-/modeling-2.9.5.tgz",
      "integrity": "sha512-mhdSVEr0XHyu3wDmZcAAYnhqKC+Xs9pri/T7j85QisiHet5BtOL36WOVsvbS+5cJbqHyuuQbZ0vSzAH1eYLf2g=="
    }
  },
  "dependencies": {
    "@jscad/modeling": {
      "version": "2.9.5",
      "resolved": "https://registry.npmjs.org/@jscad/modeling/-/modeling-2.9.5.tgz",
      "integrity": "sha512-mhdSVEr0XHyu3wDmZcAAYnhqKC+Xs9pri/T7j85QisiHet5BtOL36WOVsvbS+5cJbqHyuuQbZ0vSzAH1eYLf2g=="
    }
  }
}
